{
  "requires": true,
  "lockfileVersion": 1,
  "dependencies": {
    "@google/maps": {
      "version": "1.0.1",
      "resolved": "https://registry.npmjs.org/@google/maps/-/maps-1.0.1.tgz",
      "integrity": "sha512-TURNZX9L7pQoluhhovt9Dvrw1MISJl2eCidknEeybG8T8e8UH9NNH7SYoxLkdU4l/1sqyUd9m8uwKGe7llWWPQ==",
      "requires": {
        "https-proxy-agent": "^2.2.1",
        "uuid": ">=2.2.1"
      }
    },
    "agent-base": {
      "version": "4.3.0",
      "resolved": "https://registry.npmjs.org/agent-base/-/agent-base-4.3.0.tgz",
      "integrity": "sha512-salcGninV0nPrwpGNn4VTXBb1SOuXQBiqbrNXoeizJsHrsL6ERFM2Ne3JUSBWRE6aeNJI2ROP/WEEIDUiDe3cg==",
      "requires": {
        "es6-promisify": "^5.0.0"
      }
    },
    "core-js": {
      "version": "2.4.1",
      "resolved": "https://registry.npmjs.org/core-js/-/core-js-2.4.1.tgz",
      "integrity": "sha1-TekR5mew6ukSTjQlS1OupvxhjT4="
    },
    "debug": {
      "version": "3.2.6",
      "resolved": "https://registry.npmjs.org/debug/-/debug-3.2.6.tgz",
      "integrity": "sha512-mel+jf7nrtEl5Pn1Qx46zARXKDpBbvzezse7p7LqINmdoIk8PYP5SySaxEmYv6TZ0JyEKA1hsCId6DIhgITtWQ==",
      "requires": {
        "ms": "^2.1.1"
      }
    },
    "es6-promise": {
      "version": "4.2.8",
      "resolved": "https://registry.npmjs.org/es6-promise/-/es6-promise-4.2.8.tgz",
      "integrity": "sha512-HJDGx5daxeIvxdBxvG2cb9g4tEvwIk3i8+nhX0yGrYmZUzbkdg8QbDevheDB8gd0//uPj4c1EQua8Q+MViT0/w=="
    },
    "es6-promisify": {
      "version": "5.0.0",
      "resolved": "https://registry.npmjs.org/es6-promisify/-/es6-promisify-5.0.0.tgz",
      "integrity": "sha1-UQnWLz5W6pZ8S2NQWu8IKRyKUgM=",
      "requires": {
        "es6-promise": "^4.0.3"
      }
    },
    "https-proxy-agent": {
      "version": "2.2.2",
      "resolved": "https://registry.npmjs.org/https-proxy-agent/-/https-proxy-agent-2.2.2.tgz",
      "integrity": "sha512-c8Ndjc9Bkpfx/vCJueCPy0jlP4ccCCSNDp8xwCZzPjKJUm+B+u9WX2x98Qx4n1PiMNTWo3D7KK5ifNV/yJyRzg==",
      "requires": {
        "agent-base": "^4.3.0",
        "debug": "^3.1.0"
      }
    },
    "jsonschema": {
      "version": "1.1.0",
      "resolved": "https://registry.npmjs.org/jsonschema/-/jsonschema-1.1.0.tgz",
      "integrity": "sha1-A5zCGe1SSwbnHa8SymDQJjn68po="
    },
    "loglevel": {
      "version": "1.4.1",
      "resolved": "https://registry.npmjs.org/loglevel/-/loglevel-1.4.1.tgz",
      "integrity": "sha1-lbOD+Ro8J1b9SrCTZn5DCRYfK80="
    },
    "ms": {
      "version": "2.1.2",
      "resolved": "https://registry.npmjs.org/ms/-/ms-2.1.2.tgz",
      "integrity": "sha512-sGkPx+VjMtmA6MX27oA4FBFELFCZZ4S4XqeGOXCv68tT+jb3vk/RyaKWP0PTKyWtmLSM0b+adUTEvbs1PEaH2w=="
    },
    "predicthq": {
      "version": "0.1.1",
      "resolved": "https://registry.npmjs.org/predicthq/-/predicthq-0.1.1.tgz",
      "integrity": "sha512-eesyucQLkRI8Jb4l9tQA+a3OC0g0YfPLtoQ/hU+UfUTz/ktMvsrS0q/LgIjk/8AGWrXglcuVmgR3XH4p8JpFmA==",
      "requires": {
        "core-js": "2.4.1",
        "es6-promise": "3.2.1",
        "jsonschema": "1.1.0",
        "loglevel": "1.4.1",
        "whatwg-fetch": "1.0.0",
        "youarei": "1.0.2"
      },
      "dependencies": {
        "es6-promise": {
          "version": "3.2.1",
          "resolved": "https://registry.npmjs.org/es6-promise/-/es6-promise-3.2.1.tgz",
          "integrity": "sha1-7FYjOGgDKQkgcXDDlEjiREndH8Q="
        }
      }
    },
    "uuid": {
      "version": "3.3.3",
      "resolved": "https://registry.npmjs.org/uuid/-/uuid-3.3.3.tgz",
      "integrity": "sha512-pW0No1RGHgzlpHJO1nsVrHKpOEIxkGg1xB+v0ZmdNH5OAeAwzAVrCnI2/6Mtx+Uys6iaylxa+D3g4j63IKKjSQ=="
    },
    "whatwg-fetch": {
      "version": "1.0.0",
      "resolved": "https://registry.npmjs.org/whatwg-fetch/-/whatwg-fetch-1.0.0.tgz",
      "integrity": "sha1-AcKsTfQOI2qqGEgOO+dL1cjreY4="
    },
    "youarei": {
      "version": "1.0.2",
      "resolved": "https://registry.npmjs.org/youarei/-/youarei-1.0.2.tgz",
      "integrity": "sha1-0sL//HtwN/tPGERF6w31jljxPAQ="
    }
  }
}
